<?xml version="1.0" encoding="utf-8"?>
<Project ToolsVersion="14.0" xmlns="http://schemas.microsoft.com/developer/msbuild/2003">
  <ItemGroup>
    <Filter Include="Data">
      <UniqueIdentifier>{7726a512-fe44-488c-8c6b-cb280685b685}</UniqueIdentifier>
    </Filter>
    <Filter Include="Data\il2cpp_data\etc\mono">
      <UniqueIdentifier>{f5c894e0-d550-4ee8-9109-9d0a0bb04692}</UniqueIdentifier>
    </Filter>
    <Filter Include="Data\il2cpp_data\etc\mono\2.0">
      <UniqueIdentifier>{753cceb2-8cad-4389-8faa-f3916c3d5e7c}</UniqueIdentifier>
    </Filter>
    <Filter Include="Data\il2cpp_data\etc\mono\2.0\Browsers">
      <UniqueIdentifier>{61ff0f32-723d-40bd-b67f-ce5e8cdc7fae}</UniqueIdentifier>
    </Filter>
    <Filter Include="Data\il2cpp_data\etc\mono\4.0">
      <UniqueIdentifier>{cb1c6518-75ba-4baa-bf58-8a3007887d38}</UniqueIdentifier>
    </Filter>
    <Filter Include="Data\il2cpp_data\etc\mono\4.0\Browsers">
      <UniqueIdentifier>{cdf14dc3-c1de-4732-a0aa-c672e95657a1}</UniqueIdentifier>
    </Filter>
    <Filter Include="Data\il2cpp_data\etc\mono\4.5">
      <UniqueIdentifier>{fca21ce7-9721-4a50-9042-6f179cab0415}</UniqueIdentifier>
    </Filter>
    <Filter Include="Data\il2cpp_data\etc\mono\4.5\Browsers">
      <UniqueIdentifier>{8217d3df-a88a-4f11-b58e-59dbee4b16ce}</UniqueIdentifier>
    </Filter>
    <Filter Include="Data\il2cpp_data\etc\mono\mconfig">
      <UniqueIdentifier>{2cd443e2-abfd-4d6b-9a3e-360d6b1f439d}</UniqueIdentifier>
    </Filter>
    <Filter Include="Data\il2cpp_data\Metadata">
      <UniqueIdentifier>{18ea227b-ef84-4947-b120-aa4798e1448e}</UniqueIdentifier>
    </Filter>
    <Filter Include="Data\il2cpp_data\Resources">
      <UniqueIdentifier>{362c071a-9714-4e57-8ad5-7880ad6ff8db}</UniqueIdentifier>
    </Filter>
    <Filter Include="Data\Resources">
      <UniqueIdentifier>{e7ed4f15-abd2-4436-a7d1-85cf60285835}</UniqueIdentifier>
    </Filter>
    <Filter Include="Data\StreamingAssets\SteamVR">
      <UniqueIdentifier>{1c73f2d8-0cf6-4ea1-a40e-22c82f40e64d}</UniqueIdentifier>
    </Filter>
    <Filter Include="Data\il2cpp_data\etc">
      <UniqueIdentifier>{55c1ac5d-2e1e-40d6-b173-2c2b47eec03a}</UniqueIdentifier>
    </Filter>
    <Filter Include="Data\il2cpp_data">
      <UniqueIdentifier>{b0001410-06be-4fac-ba44-abe2ab0fcad6}</UniqueIdentifier>
    </Filter>
    <Filter Include="Data\StreamingAssets">
      <UniqueIdentifier>{4bf73ce1-231f-412e-8da6-30821b55a2f5}</UniqueIdentifier>
    </Filter>
    <Resource Include="$(MSBuildThisFileDirectory)Resource.res" />
    <None Include="$(MSBuildThisFileDirectory)StoreManifest.xml" />
    <ClCompile Include="$(MSBuildThisFileDirectory)UnityGenerated.cpp" />
    <ClInclude Include="$(MSBuildThisFileDirectory)UnityGenerated.h" />
    <None Include="$(MSBuildThisFileDirectory)Data\boot.config">
      <Filter>Data</Filter>
    </None>
    <None Include="$(MSBuildThisFileDirectory)Data\globalgamemanagers">
      <Filter>Data</Filter>
    </None>
    <None Include="$(MSBuildThisFileDirectory)Data\globalgamemanagers.assets">
      <Filter>Data</Filter>
    </None>
    <None Include="$(MSBuildThisFileDirectory)Data\level0">
      <Filter>Data</Filter>
    </None>
    <None Include="$(MSBuildThisFileDirectory)Data\level0.resS">
      <Filter>Data</Filter>
    </None>
    <None Include="$(MSBuildThisFileDirectory)Data\resources.assets">
      <Filter>Data</Filter>
    </None>
    <None Include="$(MSBuildThisFileDirectory)Data\resources.assets.resS">
      <Filter>Data</Filter>
    </None>
    <None Include="$(MSBuildThisFileDirectory)Data\sharedassets0.assets">
      <Filter>Data</Filter>
    </None>
    <None Include="$(MSBuildThisFileDirectory)Data\sharedassets0.assets.resS">
      <Filter>Data</Filter>
    </None>
    <None Include="$(MSBuildThisFileDirectory)Data\il2cpp_data\etc\mono\browscap.ini">
      <Filter>Data\il2cpp_data\etc\mono</Filter>
    </None>
    <None Include="$(MSBuildThisFileDirectory)Data\il2cpp_data\etc\mono\config">
      <Filter>Data\il2cpp_data\etc\mono</Filter>
    </None>
    <None Include="$(MSBuildThisFileDirectory)Data\il2cpp_data\etc\mono\2.0\DefaultWsdlHelpGenerator.aspx">
      <Filter>Data\il2cpp_data\etc\mono\2.0</Filter>
    </None>
    <None Include="$(MSBuildThisFileDirectory)Data\il2cpp_data\etc\mono\2.0\machine.config">
      <Filter>Data\il2cpp_data\etc\mono\2.0</Filter>
    </None>
    <None Include="$(MSBuildThisFileDirectory)Data\il2cpp_data\etc\mono\2.0\settings.map">
      <Filter>Data\il2cpp_data\etc\mono\2.0</Filter>
    </None>
    <None Include="$(MSBuildThisFileDirectory)Data\il2cpp_data\etc\mono\2.0\web.config">
      <Filter>Data\il2cpp_data\etc\mono\2.0</Filter>
    </None>
    <None Include="$(MSBuildThisFileDirectory)Data\il2cpp_data\etc\mono\2.0\Browsers\Compat.browser">
      <Filter>Data\il2cpp_data\etc\mono\2.0\Browsers</Filter>
    </None>
    <None Include="$(MSBuildThisFileDirectory)Data\il2cpp_data\etc\mono\4.0\DefaultWsdlHelpGenerator.aspx">
      <Filter>Data\il2cpp_data\etc\mono\4.0</Filter>
    </None>
    <None Include="$(MSBuildThisFileDirectory)Data\il2cpp_data\etc\mono\4.0\machine.config">
      <Filter>Data\il2cpp_data\etc\mono\4.0</Filter>
    </None>
    <None Include="$(MSBuildThisFileDirectory)Data\il2cpp_data\etc\mono\4.0\settings.map">
      <Filter>Data\il2cpp_data\etc\mono\4.0</Filter>
    </None>
    <None Include="$(MSBuildThisFileDirectory)Data\il2cpp_data\etc\mono\4.0\web.config">
      <Filter>Data\il2cpp_data\etc\mono\4.0</Filter>
    </None>
    <None Include="$(MSBuildThisFileDirectory)Data\il2cpp_data\etc\mono\4.0\Browsers\Compat.browser">
      <Filter>Data\il2cpp_data\etc\mono\4.0\Browsers</Filter>
    </None>
    <None Include="$(MSBuildThisFileDirectory)Data\il2cpp_data\etc\mono\4.5\DefaultWsdlHelpGenerator.aspx">
      <Filter>Data\il2cpp_data\etc\mono\4.5</Filter>
    </None>
    <None Include="$(MSBuildThisFileDirectory)Data\il2cpp_data\etc\mono\4.5\machine.config">
      <Filter>Data\il2cpp_data\etc\mono\4.5</Filter>
    </None>
    <None Include="$(MSBuildThisFileDirectory)Data\il2cpp_data\etc\mono\4.5\settings.map">
      <Filter>Data\il2cpp_data\etc\mono\4.5</Filter>
    </None>
    <None Include="$(MSBuildThisFileDirectory)Data\il2cpp_data\etc\mono\4.5\web.config">
      <Filter>Data\il2cpp_data\etc\mono\4.5</Filter>
    </None>
    <None Include="$(MSBuildThisFileDirectory)Data\il2cpp_data\etc\mono\4.5\Browsers\Compat.browser">
      <Filter>Data\il2cpp_data\etc\mono\4.5\Browsers</Filter>
    </None>
    <None Include="$(MSBuildThisFileDirectory)Data\il2cpp_data\etc\mono\mconfig\config.xml">
      <Filter>Data\il2cpp_data\etc\mono\mconfig</Filter>
    </None>
    <None Include="$(MSBuildThisFileDirectory)Data\il2cpp_data\Metadata\global-metadata.dat">
      <Filter>Data\il2cpp_data\Metadata</Filter>
    </None>
    <None Include="$(MSBuildThisFileDirectory)Data\il2cpp_data\Resources\I18N.CJK.dll-resources.dat">
      <Filter>Data\il2cpp_data\Resources</Filter>
    </None>
    <None Include="$(MSBuildThisFileDirectory)Data\il2cpp_data\Resources\mscorlib.dll-resources.dat">
      <Filter>Data\il2cpp_data\Resources</Filter>
    </None>
    <None Include="$(MSBuildThisFileDirectory)Data\Resources\unity default resources">
      <Filter>Data\Resources</Filter>
    </None>
    <None Include="$(MSBuildThisFileDirectory)Data\Resources\unity_builtin_extra">
      <Filter>Data\Resources</Filter>
    </None>
    <None Include="$(MSBuildThisFileDirectory)Data\StreamingAssets\SteamVR\actions.json">
      <Filter>Data\StreamingAssets\SteamVR</Filter>
    </None>
    <None Include="$(MSBuildThisFileDirectory)Data\StreamingAssets\SteamVR\bindings_holographic_controller.json">
      <Filter>Data\StreamingAssets\SteamVR</Filter>
    </None>
    <None Include="$(MSBuildThisFileDirectory)Data\StreamingAssets\SteamVR\bindings_knuckles.json">
      <Filter>Data\StreamingAssets\SteamVR</Filter>
    </None>
    <None Include="$(MSBuildThisFileDirectory)Data\StreamingAssets\SteamVR\bindings_oculus_touch.json">
      <Filter>Data\StreamingAssets\SteamVR</Filter>
    </None>
    <None Include="$(MSBuildThisFileDirectory)Data\StreamingAssets\SteamVR\bindings_vive_controller.json">
      <Filter>Data\StreamingAssets\SteamVR</Filter>
    </None>
    <None Include="$(MSBuildThisFileDirectory)Data\StreamingAssets\SteamVR\bindings_vive_cosmos_controller.json">
      <Filter>Data\StreamingAssets\SteamVR</Filter>
    </None>
    <None Include="$(MSBuildThisFileDirectory)Data\StreamingAssets\SteamVR\binding_holographic_hmd.json">
      <Filter>Data\StreamingAssets\SteamVR</Filter>
    </None>
    <None Include="$(MSBuildThisFileDirectory)Data\StreamingAssets\SteamVR\binding_index_hmd.json">
      <Filter>Data\StreamingAssets\SteamVR</Filter>
    </None>
    <None Include="$(MSBuildThisFileDirectory)Data\StreamingAssets\SteamVR\binding_rift.json">
      <Filter>Data\StreamingAssets\SteamVR</Filter>
    </None>
    <None Include="$(MSBuildThisFileDirectory)Data\StreamingAssets\SteamVR\binding_vive.json">
      <Filter>Data\StreamingAssets\SteamVR</Filter>
    </None>
    <None Include="$(MSBuildThisFileDirectory)Data\StreamingAssets\SteamVR\binding_vive_cosmos.json">
      <Filter>Data\StreamingAssets\SteamVR</Filter>
    </None>
    <None Include="$(MSBuildThisFileDirectory)Data\StreamingAssets\SteamVR\binding_vive_pro.json">
      <Filter>Data\StreamingAssets\SteamVR</Filter>
    </None>
    <None Include="$(MSBuildThisFileDirectory)Data\StreamingAssets\SteamVR\binding_vive_tracker_camera.json">
      <Filter>Data\StreamingAssets\SteamVR</Filter>
    </None>
  </ItemGroup>
</Project>